
Microsoft Visual Studio Solution File, Format Version 12.00
# Visual Studio 14
VisualStudioVersion = 14.0.25420.1
MinimumVisualStudioVersion = 10.0.40219.1
Project("{FAE04EC0-301F-11D3-BF4B-00C04F79EFBC}") = "APPPInCSharp_GatewayPattern.Console", "APPPInCSharp_GatewayPattern.Console\APPPInCSharp_GatewayPattern.Console.csproj", "{3BE2E1E1-22BC-4A77-B4B4-F13037115F5B}"
EndProject
Project("{FAE04EC0-301F-11D3-BF4B-00C04F79EFBC}") = "APPPInCSharp_GatewayPattern.UnitTests", "APPPInCSharp_GatewayPattern.UnitTests\APPPInCSharp_GatewayPattern.UnitTests.csproj", "{DE5F25C7-731E-40A0-88C9-73CADE799015}"
EndProject
Global
	GlobalSection(SolutionConfigurationPlatforms) = preSolution
		Debug|Any CPU = Debug|Any CPU
		Release|Any CPU = Release|Any CPU
	EndGlobalSection
	GlobalSection(ProjectConfigurationPlatforms) = postSolution
		{3BE2E1E1-22BC-4A77-B4B4-F13037115F5B}.Debug|Any CPU.ActiveCfg = Debug|Any CPU
		{3BE2E1E1-22BC-4A77-B4B4-F13037115F5B}.Debug|Any CPU.Build.0 = Debug|Any CPU
		{3BE2E1E1-22BC-4A77-B4B4-F13037115F5B}.Release|Any CPU.ActiveCfg = Release|Any CPU
		{3BE2E1E1-22BC-4A77-B4B4-F13037115F5B}.Release|Any CPU.Build.0 = Release|Any CPU
		{DE5F25C7-731E-40A0-88C9-73CADE799015}.Debug|Any CPU.ActiveCfg = Debug|Any CPU
		{DE5F25C7-731E-40A0-88C9-73CADE799015}.Debug|Any CPU.Build.0 = Debug|Any CPU
		{DE5F25C7-731E-40A0-88C9-73CADE799015}.Release|Any CPU.ActiveCfg = Release|Any CPU
		{DE5F25C7-731E-40A0-88C9-73CADE799015}.Release|Any CPU.Build.0 = Release|Any CPU
	EndGlobalSection
	GlobalSection(SolutionProperties) = preSolution
		HideSolutionNode = FALSE
	EndGlobalSection
EndGlobal
